// !$*UTF8*$!
{
	archiveVersion = 1;
	classes = {
	};
	objectVersion = 48;
	objects = {

/* Begin PBXBuildFile section */
		5280BFD95766F9B84BCB7F7F /* Pods_GithubAnalyser.framework in Frameworks */ = {isa = PBXBuildFile; fileRef = 7F9E82F50FEFEABFD90C2040 /* Pods_GithubAnalyser.framework */; };
		D1C7027B1FB85C6F00003EB2 /* AppDelegate.swift in Sources */ = {isa = PBXBuildFile; fileRef = D1C7027A1FB85C6F00003EB2 /* AppDelegate.swift */; };
		D1C7027D1FB85C6F00003EB2 /* LoginViewController.swift in Sources */ = {isa = PBXBuildFile; fileRef = D1C7027C1FB85C6F00003EB2 /* LoginViewController.swift */; };
		D1C702801FB85C6F00003EB2 /* Main.storyboard in Resources */ = {isa = PBXBuildFile; fileRef = D1C7027E1FB85C6F00003EB2 /* Main.storyboard */; };
		D1C702831FB85C6F00003EB2 /* GithubAnalyser.xcdatamodeld in Sources */ = {isa = PBXBuildFile; fileRef = D1C702811FB85C6F00003EB2 /* GithubAnalyser.xcdatamodeld */; };
		D1C702851FB85C6F00003EB2 /* Assets.xcassets in Resources */ = {isa = PBXBuildFile; fileRef = D1C702841FB85C6F00003EB2 /* Assets.xcassets */; };
		D1C702881FB85C6F00003EB2 /* LaunchScreen.storyboard in Resources */ = {isa = PBXBuildFile; fileRef = D1C702861FB85C6F00003EB2 /* LaunchScreen.storyboard */; };
		D1C702931FB85C6F00003EB2 /* GithubAnalyserTests.swift in Sources */ = {isa = PBXBuildFile; fileRef = D1C702921FB85C6F00003EB2 /* GithubAnalyserTests.swift */; };
		D1C7029E1FB85C6F00003EB2 /* GithubAnalyserUITests.swift in Sources */ = {isa = PBXBuildFile; fileRef = D1C7029D1FB85C6F00003EB2 /* GithubAnalyserUITests.swift */; };
		D1C702AC1FB8775100003EB2 /* ProfileViewController.swift in Sources */ = {isa = PBXBuildFile; fileRef = D1C702AB1FB8775100003EB2 /* ProfileViewController.swift */; };
		D1C702AE1FB88A2300003EB2 /* CoreDataStack.swift in Sources */ = {isa = PBXBuildFile; fileRef = D1C702AD1FB88A2300003EB2 /* CoreDataStack.swift */; };
		D1C702B01FB88D0800003EB2 /* SearchViewController.swift in Sources */ = {isa = PBXBuildFile; fileRef = D1C702AF1FB88D0800003EB2 /* SearchViewController.swift */; };
		D1C702B41FB8C5A200003EB2 /* Helper.swift in Sources */ = {isa = PBXBuildFile; fileRef = D1C702B31FB8C5A200003EB2 /* Helper.swift */; };
/* End PBXBuildFile section */

/* Begin PBXContainerItemProxy section */
		D1C7028F1FB85C6F00003EB2 /* PBXContainerItemProxy */ = {
			isa = PBXContainerItemProxy;
			containerPortal = D1C7026F1FB85C6F00003EB2 /* Project object */;
			proxyType = 1;
			remoteGlobalIDString = D1C702761FB85C6F00003EB2;
			remoteInfo = GithubAnalyser;
		};
		D1C7029A1FB85C6F00003EB2 /* PBXContainerItemProxy */ = {
			isa = PBXContainerItemProxy;
			containerPortal = D1C7026F1FB85C6F00003EB2 /* Project object */;
			proxyType = 1;
			remoteGlobalIDString = D1C702761FB85C6F00003EB2;
			remoteInfo = GithubAnalyser;
		};
/* End PBXContainerItemProxy section */

/* Begin PBXFileReference section */
		32C08FB8843827E23EA6D65F /* Pods-GithubAnalyser.debug.xcconfig */ = {isa = PBXFileReference; includeInIndex = 1; lastKnownFileType = text.xcconfig; name = "Pods-GithubAnalyser.debug.xcconfig"; path = "Pods/Target Support Files/Pods-GithubAnalyser/Pods-GithubAnalyser.debug.xcconfig"; sourceTree = "<group>"; };
		6D3B0D9B563420D8192C1DEF /* Pods-GithubAnalyser.release.xcconfig */ = {isa = PBXFileReference; includeInIndex = 1; lastKnownFileType = text.xcconfig; name = "Pods-GithubAnalyser.release.xcconfig"; path = "Pods/Target Support Files/Pods-GithubAnalyser/Pods-GithubAnalyser.release.xcconfig"; sourceTree = "<group>"; };
		7F9E82F50FEFEABFD90C2040 /* Pods_GithubAnalyser.framework */ = {isa = PBXFileReference; explicitFileType = wrapper.framework; includeInIndex = 0; path = Pods_GithubAnalyser.framework; sourceTree = BUILT_PRODUCTS_DIR; };
		D11BEBA51FBCCECE00B397E7 /* NVActivityIndicatorView.framework */ = {isa = PBXFileReference; explicitFileType = wrapper.framework; path = NVActivityIndicatorView.framework; sourceTree = BUILT_PRODUCTS_DIR; };
		D1C702771FB85C6F00003EB2 /* GithubAnalyser.app */ = {isa = PBXFileReference; explicitFileType = wrapper.application; includeInIndex = 0; path = GithubAnalyser.app; sourceTree = BUILT_PRODUCTS_DIR; };
		D1C7027A1FB85C6F00003EB2 /* AppDelegate.swift */ = {isa = PBXFileReference; lastKnownFileType = sourcecode.swift; path = AppDelegate.swift; sourceTree = "<group>"; };
		D1C7027C1FB85C6F00003EB2 /* LoginViewController.swift */ = {isa = PBXFileReference; lastKnownFileType = sourcecode.swift; path = LoginViewController.swift; sourceTree = "<group>"; };
		D1C7027F1FB85C6F00003EB2 /* Base */ = {isa = PBXFileReference; lastKnownFileType = file.storyboard; name = Base; path = Base.lproj/Main.storyboard; sourceTree = "<group>"; };
		D1C702821FB85C6F00003EB2 /* GithubAnalyser.xcdatamodel */ = {isa = PBXFileReference; lastKnownFileType = wrapper.xcdatamodel; path = GithubAnalyser.xcdatamodel; sourceTree = "<group>"; };
		D1C702841FB85C6F00003EB2 /* Assets.xcassets */ = {isa = PBXFileReference; lastKnownFileType = folder.assetcatalog; path = Assets.xcassets; sourceTree = "<group>"; };
		D1C702871FB85C6F00003EB2 /* Base */ = {isa = PBXFileReference; lastKnownFileType = file.storyboard; name = Base; path = Base.lproj/LaunchScreen.storyboard; sourceTree = "<group>"; };
		D1C702891FB85C6F00003EB2 /* Info.plist */ = {isa = PBXFileReference; lastKnownFileType = text.plist.xml; path = Info.plist; sourceTree = "<group>"; };
		D1C7028E1FB85C6F00003EB2 /* GithubAnalyserTests.xctest */ = {isa = PBXFileReference; explicitFileType = wrapper.cfbundle; includeInIndex = 0; path = GithubAnalyserTests.xctest; sourceTree = BUILT_PRODUCTS_DIR; };
		D1C702921FB85C6F00003EB2 /* GithubAnalyserTests.swift */ = {isa = PBXFileReference; lastKnownFileType = sourcecode.swift; path = GithubAnalyserTests.swift; sourceTree = "<group>"; };
		D1C702941FB85C6F00003EB2 /* Info.plist */ = {isa = PBXFileReference; lastKnownFileType = text.plist.xml; path = Info.plist; sourceTree = "<group>"; };
		D1C702991FB85C6F00003EB2 /* GithubAnalyserUITests.xctest */ = {isa = PBXFileReference; explicitFileType = wrapper.cfbundle; includeInIndex = 0; path = GithubAnalyserUITests.xctest; sourceTree = BUILT_PRODUCTS_DIR; };
		D1C7029D1FB85C6F00003EB2 /* GithubAnalyserUITests.swift */ = {isa = PBXFileReference; lastKnownFileType = sourcecode.swift; path = GithubAnalyserUITests.swift; sourceTree = "<group>"; };
		D1C7029F1FB85C6F00003EB2 /* Info.plist */ = {isa = PBXFileReference; lastKnownFileType = text.plist.xml; path = Info.plist; sourceTree = "<group>"; };
		D1C702AB1FB8775100003EB2 /* ProfileViewController.swift */ = {isa = PBXFileReference; lastKnownFileType = sourcecode.swift; path = ProfileViewController.swift; sourceTree = "<group>"; };
		D1C702AD1FB88A2300003EB2 /* CoreDataStack.swift */ = {isa = PBXFileReference; fileEncoding = 4; lastKnownFileType = sourcecode.swift; path = CoreDataStack.swift; sourceTree = "<group>"; };
		D1C702AF1FB88D0800003EB2 /* SearchViewController.swift */ = {isa = PBXFileReference; lastKnownFileType = sourcecode.swift; path = SearchViewController.swift; sourceTree = "<group>"; };
		D1C702B31FB8C5A200003EB2 /* Helper.swift */ = {isa = PBXFileReference; lastKnownFileType = sourcecode.swift; path = Helper.swift; sourceTree = "<group>"; };
/* End PBXFileReference section */

/* Begin PBXFrameworksBuildPhase section */
		D1C702741FB85C6F00003EB2 /* Frameworks */ = {
			isa = PBXFrameworksBuildPhase;
			buildActionMask = 2147483647;
			files = (
				5280BFD95766F9B84BCB7F7F /* Pods_GithubAnalyser.framework in Frameworks */,
			);
			runOnlyForDeploymentPostprocessing = 0;
		};
		D1C7028B1FB85C6F00003EB2 /* Frameworks */ = {
			isa = PBXFrameworksBuildPhase;
			buildActionMask = 2147483647;
			files = (
			);
			runOnlyForDeploymentPostprocessing = 0;
		};
		D1C702961FB85C6F00003EB2 /* Frameworks */ = {
			isa = PBXFrameworksBuildPhase;
			buildActionMask = 2147483647;
			files = (
			);
			runOnlyForDeploymentPostprocessing = 0;
		};
/* End PBXFrameworksBuildPhase section */

/* Begin PBXGroup section */
		1D8E300EF87593A07CCFF89F /* Frameworks */ = {
			isa = PBXGroup;
			children = (
				D11BEBA51FBCCECE00B397E7 /* NVActivityIndicatorView.framework */,
				7F9E82F50FEFEABFD90C2040 /* Pods_GithubAnalyser.framework */,
			);
			name = Frameworks;
			sourceTree = "<group>";
		};
		BA6D341BB0898F0FF2C89497 /* Pods */ = {
			isa = PBXGroup;
			children = (
				32C08FB8843827E23EA6D65F /* Pods-GithubAnalyser.debug.xcconfig */,
				6D3B0D9B563420D8192C1DEF /* Pods-GithubAnalyser.release.xcconfig */,
			);
			name = Pods;
			sourceTree = "<group>";
		};
		D1C7026E1FB85C6F00003EB2 = {
			isa = PBXGroup;
			children = (
				D1C702791FB85C6F00003EB2 /* GithubAnalyser */,
				D1C702911FB85C6F00003EB2 /* GithubAnalyserTests */,
				D1C7029C1FB85C6F00003EB2 /* GithubAnalyserUITests */,
				D1C702781FB85C6F00003EB2 /* Products */,
				BA6D341BB0898F0FF2C89497 /* Pods */,
				1D8E300EF87593A07CCFF89F /* Frameworks */,
			);
			sourceTree = "<group>";
		};
		D1C702781FB85C6F00003EB2 /* Products */ = {
			isa = PBXGroup;
			children = (
				D1C702771FB85C6F00003EB2 /* GithubAnalyser.app */,
				D1C7028E1FB85C6F00003EB2 /* GithubAnalyserTests.xctest */,
				D1C702991FB85C6F00003EB2 /* GithubAnalyserUITests.xctest */,
			);
			name = Products;
			sourceTree = "<group>";
		};
		D1C702791FB85C6F00003EB2 /* GithubAnalyser */ = {
			isa = PBXGroup;
			children = (
				D1C7027A1FB85C6F00003EB2 /* AppDelegate.swift */,
				D1C7027C1FB85C6F00003EB2 /* LoginViewController.swift */,
				D1C702AB1FB8775100003EB2 /* ProfileViewController.swift */,
				D1C702AF1FB88D0800003EB2 /* SearchViewController.swift */,
				D1C702B31FB8C5A200003EB2 /* Helper.swift */,
				D1C702AD1FB88A2300003EB2 /* CoreDataStack.swift */,
				D1C7027E1FB85C6F00003EB2 /* Main.storyboard */,
				D1C702841FB85C6F00003EB2 /* Assets.xcassets */,
				D1C702861FB85C6F00003EB2 /* LaunchScreen.storyboard */,
				D1C702891FB85C6F00003EB2 /* Info.plist */,
				D1C702811FB85C6F00003EB2 /* GithubAnalyser.xcdatamodeld */,
			);
			path = GithubAnalyser;
			sourceTree = "<group>";
		};
		D1C702911FB85C6F00003EB2 /* GithubAnalyserTests */ = {
			isa = PBXGroup;
			children = (
				D1C702921FB85C6F00003EB2 /* GithubAnalyserTests.swift */,
				D1C702941FB85C6F00003EB2 /* Info.plist */,
			);
			path = GithubAnalyserTests;
			sourceTree = "<group>";
		};
		D1C7029C1FB85C6F00003EB2 /* GithubAnalyserUITests */ = {
			isa = PBXGroup;
			children = (
				D1C7029D1FB85C6F00003EB2 /* GithubAnalyserUITests.swift */,
				D1C7029F1FB85C6F00003EB2 /* Info.plist */,
			);
			path = GithubAnalyserUITests;
			sourceTree = "<group>";
		};
/* End PBXGroup section */

/* Begin PBXNativeTarget section */
		D1C702761FB85C6F00003EB2 /* GithubAnalyser */ = {
			isa = PBXNativeTarget;
			buildConfigurationList = D1C702A21FB85C6F00003EB2 /* Build configuration list for PBXNativeTarget "GithubAnalyser" */;
			buildPhases = (
				FD1B057AE8E14DC81998BA23 /* [CP] Check Pods Manifest.lock */,
				D1C702731FB85C6F00003EB2 /* Sources */,
				D1C702741FB85C6F00003EB2 /* Frameworks */,
				D1C702751FB85C6F00003EB2 /* Resources */,
				C21E2F31EC987D9CE2AB3652 /* [CP] Embed Pods Frameworks */,
				8CBC337AF8A859C3A3336EB8 /* [CP] Copy Pods Resources */,
			);
			buildRules = (
			);
			dependencies = (
			);
			name = GithubAnalyser;
			productName = GithubAnalyser;
			productReference = D1C702771FB85C6F00003EB2 /* GithubAnalyser.app */;
			productType = "com.apple.product-type.application";
		};
		D1C7028D1FB85C6F00003EB2 /* GithubAnalyserTests */ = {
			isa = PBXNativeTarget;
			buildConfigurationList = D1C702A51FB85C6F00003EB2 /* Build configuration list for PBXNativeTarget "GithubAnalyserTests" */;
			buildPhases = (
				D1C7028A1FB85C6F00003EB2 /* Sources */,
				D1C7028B1FB85C6F00003EB2 /* Frameworks */,
				D1C7028C1FB85C6F00003EB2 /* Resources */,
			);
			buildRules = (
			);
			dependencies = (
				D1C702901FB85C6F00003EB2 /* PBXTargetDependency */,
			);
			name = GithubAnalyserTests;
			productName = GithubAnalyserTests;
			productReference = D1C7028E1FB85C6F00003EB2 /* GithubAnalyserTests.xctest */;
			productType = "com.apple.product-type.bundle.unit-test";
		};
		D1C702981FB85C6F00003EB2 /* GithubAnalyserUITests */ = {
			isa = PBXNativeTarget;
			buildConfigurationList = D1C702A81FB85C6F00003EB2 /* Build configuration list for PBXNativeTarget "GithubAnalyserUITests" */;
			buildPhases = (
				D1C702951FB85C6F00003EB2 /* Sources */,
				D1C702961FB85C6F00003EB2 /* Frameworks */,
				D1C702971FB85C6F00003EB2 /* Resources */,
			);
			buildRules = (
			);
			dependencies = (
				D1C7029B1FB85C6F00003EB2 /* PBXTargetDependency */,
			);
			name = GithubAnalyserUITests;
			productName = GithubAnalyserUITests;
			productReference = D1C702991FB85C6F00003EB2 /* GithubAnalyserUITests.xctest */;
			productType = "com.apple.product-type.bundle.ui-testing";
		};
/* End PBXNativeTarget section */

/* Begin PBXProject section */
		D1C7026F1FB85C6F00003EB2 /* Project object */ = {
			isa = PBXProject;
			attributes = {
				LastSwiftUpdateCheck = 0910;
				LastUpgradeCheck = 0910;
				ORGANIZATIONNAME = crickabhi;
				TargetAttributes = {
					D1C702761FB85C6F00003EB2 = {
						CreatedOnToolsVersion = 9.1;
						ProvisioningStyle = Automatic;
					};
					D1C7028D1FB85C6F00003EB2 = {
						CreatedOnToolsVersion = 9.1;
						ProvisioningStyle = Automatic;
						TestTargetID = D1C702761FB85C6F00003EB2;
					};
					D1C702981FB85C6F00003EB2 = {
						CreatedOnToolsVersion = 9.1;
						ProvisioningStyle = Automatic;
						TestTargetID = D1C702761FB85C6F00003EB2;
					};
				};
			};
			buildConfigurationList = D1C702721FB85C6F00003EB2 /* Build configuration list for PBXProject "GithubAnalyser" */;
			compatibilityVersion = "Xcode 8.0";
			developmentRegion = en;
			hasScannedForEncodings = 0;
			knownRegions = (
				en,
				Base,
			);
			mainGroup = D1C7026E1FB85C6F00003EB2;
			productRefGroup = D1C702781FB85C6F00003EB2 /* Products */;
			projectDirPath = "";
			projectRoot = "";
			targets = (
				D1C702761FB85C6F00003EB2 /* GithubAnalyser */,
				D1C7028D1FB85C6F00003EB2 /* GithubAnalyserTests */,
				D1C702981FB85C6F00003EB2 /* GithubAnalyserUITests */,
			);
		};
/* End PBXProject section */

/* Begin PBXResourcesBuildPhase section */
		D1C702751FB85C6F00003EB2 /* Resources */ = {
			isa = PBXResourcesBuildPhase;
			buildActionMask = 2147483647;
			files = (
				D1C702881FB85C6F00003EB2 /* LaunchScreen.storyboard in Resources */,
				D1C702851FB85C6F00003EB2 /* Assets.xcassets in Resources */,
				D1C702801FB85C6F00003EB2 /* Main.storyboard in Resources */,
			);
			runOnlyForDeploymentPostprocessing = 0;
		};
		D1C7028C1FB85C6F00003EB2 /* Resources */ = {
			isa = PBXResourcesBuildPhase;
			buildActionMask = 2147483647;
			files = (
			);
			runOnlyForDeploymentPostprocessing = 0;
		};
		D1C702971FB85C6F00003EB2 /* Resources */ = {
			isa = PBXResourcesBuildPhase;
			buildActionMask = 2147483647;
			files = (
			);
			runOnlyForDeploymentPostprocessing = 0;
		};
/* End PBXResourcesBuildPhase section */

/* Begin PBXShellScriptBuildPhase section */
		8CBC337AF8A859C3A3336EB8 /* [CP] Copy Pods Resources */ = {
			isa = PBXShellScriptBuildPhase;
			buildActionMask = 2147483647;
			files = (
			);
			inputPaths = (
			);
			name = "[CP] Copy Pods Resources";
			outputPaths = (
			);
			runOnlyForDeploymentPostprocessing = 0;
			shellPath = /bin/sh;
			shellScript = "\"${SRCROOT}/Pods/Target Support Files/Pods-GithubAnalyser/Pods-GithubAnalyser-resources.sh\"\n";
			showEnvVarsInLog = 0;
		};
		C21E2F31EC987D9CE2AB3652 /* [CP] Embed Pods Frameworks */ = {
			isa = PBXShellScriptBuildPhase;
			buildActionMask = 2147483647;
			files = (
			);
			inputPaths = (
				"${SRCROOT}/Pods/Target Support Files/Pods-GithubAnalyser/Pods-GithubAnalyser-frameworks.sh",
				"${BUILT_PRODUCTS_DIR}/NVActivityIndicatorView/NVActivityIndicatorView.framework",
			);
			name = "[CP] Embed Pods Frameworks";
			outputPaths = (
				"${TARGET_BUILD_DIR}/${FRAMEWORKS_FOLDER_PATH}/NVActivityIndicatorView.framework",
			);
			runOnlyForDeploymentPostprocessing = 0;
			shellPath = /bin/sh;
			shellScript = "\"${SRCROOT}/Pods/Target Support Files/Pods-GithubAnalyser/Pods-GithubAnalyser-frameworks.sh\"\n";
			showEnvVarsInLog = 0;
		};
		FD1B057AE8E14DC81998BA23 /* [CP] Check Pods Manifest.lock */ = {
			isa = PBXShellScriptBuildPhase;
			buildActionMask = 2147483647;
			files = (
			);
			inputPaths = (
				"${PODS_PODFILE_DIR_PATH}/Podfile.lock",
				"${PODS_ROOT}/Manifest.lock",
			);
			name = "[CP] Check Pods Manifest.lock";
			outputPaths = (
				"$(DERIVED_FILE_DIR)/Pods-GithubAnalyser-checkManifestLockResult.txt",
			);
			runOnlyForDeploymentPostprocessing = 0;
			shellPath = /bin/sh;
			shellScript = "diff \"${PODS_PODFILE_DIR_PATH}/Podfile.lock\" \"${PODS_ROOT}/Manifest.lock\" > /dev/null\nif [ $? != 0 ] ; then\n    # print error to STDERR\n    echo \"error: The sandbox is not in sync with the Podfile.lock. Run 'pod install' or update your CocoaPods installation.\" >&2\n    exit 1\nfi\n# This output is used by Xcode 'outputs' to avoid re-running this script phase.\necho \"SUCCESS\" > \"${SCRIPT_OUTPUT_FILE_0}\"\n";
			showEnvVarsInLog = 0;
		};
/* End PBXShellScriptBuildPhase section */

/* Begin PBXSourcesBuildPhase section */
		D1C702731FB85C6F00003EB2 /* Sources */ = {
			isa = PBXSourcesBuildPhase;
			buildActionMask = 2147483647;
			files = (
				D1C702B01FB88D0800003EB2 /* SearchViewController.swift in Sources */,
				D1C702AE1FB88A2300003EB2 /* CoreDataStack.swift in Sources */,
				D1C7027D1FB85C6F00003EB2 /* LoginViewController.swift in Sources */,
				D1C7027B1FB85C6F00003EB2 /* AppDelegate.swift in Sources */,
				D1C702AC1FB8775100003EB2 /* ProfileViewController.swift in Sources */,
				D1C702831FB85C6F00003EB2 /* GithubAnalyser.xcdatamodeld in Sources */,
				D1C702B41FB8C5A200003EB2 /* Helper.swift in Sources */,
			);
			runOnlyForDeploymentPostprocessing = 0;
		};
		D1C7028A1FB85C6F00003EB2 /* Sources */ = {
			isa = PBXSourcesBuildPhase;
			buildActionMask = 2147483647;
			files = (
				D1C702931FB85C6F00003EB2 /* GithubAnalyserTests.swift in Sources */,
			);
			runOnlyForDeploymentPostprocessing = 0;
		};
		D1C702951FB85C6F00003EB2 /* Sources */ = {
			isa = PBXSourcesBuildPhase;
			buildActionMask = 2147483647;
			files = (
				D1C7029E1FB85C6F00003EB2 /* GithubAnalyserUITests.swift in Sources */,
			);
			runOnlyForDeploymentPostprocessing = 0;
		};
/* End PBXSourcesBuildPhase section */

/* Begin PBXTargetDependency section */
		D1C702901FB85C6F00003EB2 /* PBXTargetDependency */ = {
			isa = PBXTargetDependency;
			target = D1C702761FB85C6F00003EB2 /* GithubAnalyser */;
			targetProxy = D1C7028F1FB85C6F00003EB2 /* PBXContainerItemProxy */;
		};
		D1C7029B1FB85C6F00003EB2 /* PBXTargetDependency */ = {
			isa = PBXTargetDependency;
			target = D1C702761FB85C6F00003EB2 /* GithubAnalyser */;
			targetProxy = D1C7029A1FB85C6F00003EB2 /* PBXContainerItemProxy */;
		};
/* End PBXTargetDependency section */

/* Begin PBXVariantGroup section */
		D1C7027E1FB85C6F00003EB2 /* Main.storyboard */ = {
			isa = PBXVariantGroup;
			children = (
				D1C7027F1FB85C6F00003EB2 /* Base */,
			);
			name = Main.storyboard;
			sourceTree = "<group>";
		};
		D1C702861FB85C6F00003EB2 /* LaunchScreen.storyboard */ = {
			isa = PBXVariantGroup;
			children = (
				D1C702871FB85C6F00003EB2 /* Base */,
			);
			name = LaunchScreen.storyboard;
			sourceTree = "<group>";
		};
/* End PBXVariantGroup section */

/* Begin XCBuildConfiguration section */
		D1C702A01FB85C6F00003EB2 /* Debug */ = {
			isa = XCBuildConfiguration;
			buildSettings = {
				ALWAYS_SEARCH_USER_PATHS = NO;
				CLANG_ANALYZER_NONNULL = YES;
				CLANG_ANALYZER_NUMBER_OBJECT_CONVERSION = YES_AGGRESSIVE;
				CLANG_CXX_LANGUAGE_STANDARD = "gnu++14";
				CLANG_CXX_LIBRARY = "libc++";
				CLANG_ENABLE_MODULES = YES;
				CLANG_ENABLE_OBJC_ARC = YES;
				CLANG_WARN_BLOCK_CAPTURE_AUTORELEASING = YES;
				CLANG_WARN_BOOL_CONVERSION = YES;
				CLANG_WARN_COMMA = YES;
				CLANG_WARN_CONSTANT_CONVERSION = YES;
				CLANG_WARN_DIRECT_OBJC_ISA_USAGE = YES_ERROR;
				CLANG_WARN_DOCUMENTATION_COMMENTS = YES;
				CLANG_WARN_EMPTY_BODY = YES;
				CLANG_WARN_ENUM_CONVERSION = YES;
				CLANG_WARN_INFINITE_RECURSION = YES;
				CLANG_WARN_INT_CONVERSION = YES;
				CLANG_WARN_NON_LITERAL_NULL_CONVERSION = YES;
				CLANG_WARN_OBJC_LITERAL_CONVERSION = YES;
				CLANG_WARN_OBJC_ROOT_CLASS = YES_ERROR;
				CLANG_WARN_RANGE_LOOP_ANALYSIS = YES;
				CLANG_WARN_STRICT_PROTOTYPES = YES;
				CLANG_WARN_SUSPICIOUS_MOVE = YES;
				CLANG_WARN_UNGUARDED_AVAILABILITY = YES_AGGRESSIVE;
				CLANG_WARN_UNREACHABLE_CODE = YES;
				CLANG_WARN__DUPLICATE_METHOD_MATCH = YES;
				CODE_SIGN_IDENTITY = "iPhone Developer";
				COPY_PHASE_STRIP = NO;
				DEBUG_INFORMATION_FORMAT = dwarf;
				ENABLE_STRICT_OBJC_MSGSEND = YES;
				ENABLE_TESTABILITY = YES;
				GCC_C_LANGUAGE_STANDARD = gnu11;
				GCC_DYNAMIC_NO_PIC = NO;
				GCC_NO_COMMON_BLOCKS = YES;
				GCC_OPTIMIZATION_LEVEL = 0;
				GCC_PREPROCESSOR_DEFINITIONS = (
					"DEBUG=1",
					"$(inherited)",
				);
				GCC_WARN_64_TO_32_BIT_CONVERSION = YES;
				GCC_WARN_ABOUT_RETURN_TYPE = YES_ERROR;
				GCC_WARN_UNDECLARED_SELECTOR = YES;
				GCC_WARN_UNINITIALIZED_AUTOS = YES_AGGRESSIVE;
				GCC_WARN_UNUSED_FUNCTION = YES;
				GCC_WARN_UNUSED_VARIABLE = YES;
				IPHONEOS_DEPLOYMENT_TARGET = 11.1;
				MTL_ENABLE_DEBUG_INFO = YES;
				ONLY_ACTIVE_ARCH = YES;
				SDKROOT = iphoneos;
				SWIFT_ACTIVE_COMPILATION_CONDITIONS = DEBUG;
				SWIFT_OPTIMIZATION_LEVEL = "-Onone";
			};
			name = Debug;
		};
		D1C702A11FB85C6F00003EB2 /* Release */ = {
			isa = XCBuildConfiguration;
			buildSettings = {
				ALWAYS_SEARCH_USER_PATHS = NO;
				CLANG_ANALYZER_NONNULL = YES;
				CLANG_ANALYZER_NUMBER_OBJECT_CONVERSION = YES_AGGRESSIVE;
				CLANG_CXX_LANGUAGE_STANDARD = "gnu++14";
				CLANG_CXX_LIBRARY = "libc++";
				CLANG_ENABLE_MODULES = YES;
				CLANG_ENABLE_OBJC_ARC = YES;
				CLANG_WARN_BLOCK_CAPTURE_AUTORELEASING = YES;
				CLANG_WARN_BOOL_CONVERSION = YES;
				CLANG_WARN_COMMA = YES;
				CLANG_WARN_CONSTANT_CONVERSION = YES;
				CLANG_WARN_DIRECT_OBJC_ISA_USAGE = YES_ERROR;
				CLANG_WARN_DOCUMENTATION_COMMENTS = YES;
				CLANG_WARN_EMPTY_BODY = YES;
				CLANG_WARN_ENUM_CONVERSION = YES;
				CLANG_WARN_INFINITE_RECURSION = YES;
				CLANG_WARN_INT_CONVERSION = YES;
				CLANG_WARN_NON_LITERAL_NULL_CONVERSION = YES;
				CLANG_WARN_OBJC_LITERAL_CONVERSION = YES;
				CLANG_WARN_OBJC_ROOT_CLASS = YES_ERROR;
				CLANG_WARN_RANGE_LOOP_ANALYSIS = YES;
				CLANG_WARN_STRICT_PROTOTYPES = YES;
				CLANG_WARN_SUSPICIOUS_MOVE = YES;
				CLANG_WARN_UNGUARDED_AVAILABILITY = YES_AGGRESSIVE;
				CLANG_WARN_UNREACHABLE_CODE = YES;
				CLANG_WARN__DUPLICATE_METHOD_MATCH = YES;
				CODE_SIGN_IDENTITY = "iPhone Developer";
				COPY_PHASE_STRIP = NO;
				DEBUG_INFORMATION_FORMAT = "dwarf-with-dsym";
				ENABLE_NS_ASSERTIONS = NO;
				ENABLE_STRICT_OBJC_MSGSEND = YES;
				GCC_C_LANGUAGE_STANDARD = gnu11;
				GCC_NO_COMMON_BLOCKS = YES;
				GCC_WARN_64_TO_32_BIT_CONVERSION = YES;
				GCC_WARN_ABOUT_RETURN_TYPE = YES_ERROR;
				GCC_WARN_UNDECLARED_SELECTOR = YES;
				GCC_WARN_UNINITIALIZED_AUTOS = YES_AGGRESSIVE;
				GCC_WARN_UNUSED_FUNCTION = YES;
				GCC_WARN_UNUSED_VARIABLE = YES;
				IPHONEOS_DEPLOYMENT_TARGET = 11.1;
				MTL_ENABLE_DEBUG_INFO = NO;
				SDKROOT = iphoneos;
				SWIFT_OPTIMIZATION_LEVEL = "-Owholemodule";
				VALIDATE_PRODUCT = YES;
			};
			name = Release;
		};
		D1C702A31FB85C6F00003EB2 /* Debug */ = {
			isa = XCBuildConfiguration;
			baseConfigurationReference = 32C08FB8843827E23EA6D65F /* Pods-GithubAnalyser.debug.xcconfig */;
			buildSettings = {
				ASSETCATALOG_COMPILER_APPICON_NAME = AppIcon;
				CODE_SIGN_STYLE = Automatic;
				DEVELOPMENT_TEAM = 6339ZWMFHV;
				INFOPLIST_FILE = GithubAnalyser/Info.plist;
				IPHONEOS_DEPLOYMENT_TARGET = 8.0;
				LD_RUNPATH_SEARCH_PATHS = "$(inherited) @executable_path/Frameworks";
				PRODUCT_BUNDLE_IDENTIFIER = com.crickabhi.GithubAnalyser;
				PRODUCT_NAME = "$(TARGET_NAME)";
				SWIFT_VERSION = 4.0;
				TARGETED_DEVICE_FAMILY = 1;
			};
			name = Debug;
		};
		D1C702A41FB85C6F00003EB2 /* Release */ = {
			isa = XCBuildConfiguration;
			baseConfigurationReference = 6D3B0D9B563420D8192C1DEF /* Pods-GithubAnalyser.release.xcconfig */;
			buildSettings = {
				ASSETCATALOG_COMPILER_APPICON_NAME = AppIcon;
				CODE_SIGN_STYLE = Automatic;
				DEVELOPMENT_TEAM = 6339ZWMFHV;
				INFOPLIST_FILE = GithubAnalyser/Info.plist;
				IPHONEOS_DEPLOYMENT_TARGET = 8.0;
				LD_RUNPATH_SEARCH_PATHS = "$(inherited) @executable_path/Frameworks";
				PRODUCT_BUNDLE_IDENTIFIER = com.crickabhi.GithubAnalyser;
				PRODUCT_NAME = "$(TARGET_NAME)";
				SWIFT_VERSION = 4.0;
				TARGETED_DEVICE_FAMILY = 1;
			};
			name = Release;
		};
		D1C702A61FB85C6F00003EB2 /* Debug */ = {
			isa = XCBuildConfiguration;
			buildSettings = {
				ALWAYS_EMBED_SWIFT_STANDARD_LIBRARIES = YES;
				BUNDLE_LOADER = "$(TEST_HOST)";
				CODE_SIGN_STYLE = Automatic;
				DEVELOPMENT_TEAM = 6339ZWMFHV;
				INFOPLIST_FILE = GithubAnalyserTests/Info.plist;
				LD_RUNPATH_SEARCH_PATHS = "$(inherited) @executable_path/Frameworks @loader_path/Frameworks";
				PRODUCT_BUNDLE_IDENTIFIER = com.crickabhi.GithubAnalyserTests;
				PRODUCT_NAME = "$(TARGET_NAME)";
				SWIFT_VERSION = 4.0;
				TARGETED_DEVICE_FAMILY = "1,2";
				TEST_HOST = "$(BUILT_PRODUCTS_DIR)/GithubAnalyser.app/GithubAnalyser";
			};
			name = Debug;
		};
		D1C702A71FB85C6F00003EB2 /* Release */ = {
			isa = XCBuildConfiguration;
			buildSettings = {
				ALWAYS_EMBED_SWIFT_STANDARD_LIBRARIES = YES;
				BUNDLE_LOADER = "$(TEST_HOST)";
				CODE_SIGN_STYLE = Automatic;
				DEVELOPMENT_TEAM = 6339ZWMFHV;
				INFOPLIST_FILE = GithubAnalyserTests/Info.plist;
				LD_RUNPATH_SEARCH_PATHS = "$(inherited) @executable_path/Frameworks @loader_path/Frameworks";
				PRODUCT_BUNDLE_IDENTIFIER = com.crickabhi.GithubAnalyserTests;
				PRODUCT_NAME = "$(TARGET_NAME)";
				SWIFT_VERSION = 4.0;
				TARGETED_DEVICE_FAMILY = "1,2";
				TEST_HOST = "$(BUILT_PRODUCTS_DIR)/GithubAnalyser.app/GithubAnalyser";
			};
			name = Release;
		};
		D1C702A91FB85C6F00003EB2 /* Debug */ = {
			isa = XCBuildConfiguration;
			buildSettings = {
				ALWAYS_EMBED_SWIFT_STANDARD_LIBRARIES = YES;
				CODE_SIGN_STYLE = Automatic;
				DEVELOPMENT_TEAM = 6339ZWMFHV;
				INFOPLIST_FILE = GithubAnalyserUITests/Info.plist;
				LD_RUNPATH_SEARCH_PATHS = "$(inherited) @executable_path/Frameworks @loader_path/Frameworks";
				PRODUCT_BUNDLE_IDENTIFIER = com.crickabhi.GithubAnalyserUITests;
				PRODUCT_NAME = "$(TARGET_NAME)";
				SWIFT_VERSION = 4.0;
				TARGETED_DEVICE_FAMILY = "1,2";
				TEST_TARGET_NAME = GithubAnalyser;
			};
			name = Debug;
		};
		D1C702AA1FB85C6F00003EB2 /* Release */ = {
			isa = XCBuildConfiguration;
			buildSettings = {
				ALWAYS_EMBED_SWIFT_STANDARD_LIBRARIES = YES;
				CODE_SIGN_STYLE = Automatic;
				DEVELOPMENT_TEAM = 6339ZWMFHV;
				INFOPLIST_FILE = GithubAnalyserUITests/Info.plist;
				LD_RUNPATH_SEARCH_PATHS = "$(inherited) @executable_path/Frameworks @loader_path/Frameworks";
				PRODUCT_BUNDLE_IDENTIFIER = com.crickabhi.GithubAnalyserUITests;
				PRODUCT_NAME = "$(TARGET_NAME)";
				SWIFT_VERSION = 4.0;
				TARGETED_DEVICE_FAMILY = "1,2";
				TEST_TARGET_NAME = GithubAnalyser;
			};
			name = Release;
		};
/* End XCBuildConfiguration section */

/* Begin XCConfigurationList section */
		D1C702721FB85C6F00003EB2 /* Build configuration list for PBXProject "GithubAnalyser" */ = {
			isa = XCConfigurationList;
			buildConfigurations = (
				D1C702A01FB85C6F00003EB2 /* Debug */,
				D1C702A11FB85C6F00003EB2 /* Release */,
			);
			defaultConfigurationIsVisible = 0;
			defaultConfigurationName = Release;
		};
		D1C702A21FB85C6F00003EB2 /* Build configuration list for PBXNativeTarget "GithubAnalyser" */ = {
			isa = XCConfigurationList;
			buildConfigurations = (
				D1C702A31FB85C6F00003EB2 /* Debug */,
				D1C702A41FB85C6F00003EB2 /* Release */,
			);
			defaultConfigurationIsVisible = 0;
			defaultConfigurationName = Release;
		};
		D1C702A51FB85C6F00003EB2 /* Build configuration list for PBXNativeTarget "GithubAnalyserTests" */ = {
			isa = XCConfigurationList;
			buildConfigurations = (
				D1C702A61FB85C6F00003EB2 /* Debug */,
				D1C702A71FB85C6F00003EB2 /* Release */,
			);
			defaultConfigurationIsVisible = 0;
			defaultConfigurationName = Release;
		};
		D1C702A81FB85C6F00003EB2 /* Build configuration list for PBXNativeTarget "GithubAnalyserUITests" */ = {
			isa = XCConfigurationList;
			buildConfigurations = (
				D1C702A91FB85C6F00003EB2 /* Debug */,
				D1C702AA1FB85C6F00003EB2 /* Release */,
			);
			defaultConfigurationIsVisible = 0;
			defaultConfigurationName = Release;
		};
/* End XCConfigurationList section */

/* Begin XCVersionGroup section */
		D1C702811FB85C6F00003EB2 /* GithubAnalyser.xcdatamodeld */ = {
			isa = XCVersionGroup;
			children = (
				D1C702821FB85C6F00003EB2 /* GithubAnalyser.xcdatamodel */,
			);
			currentVersion = D1C702821FB85C6F00003EB2 /* GithubAnalyser.xcdatamodel */;
			path = GithubAnalyser.xcdatamodeld;
			sourceTree = "<group>";
			versionGroupType = wrapper.xcdatamodel;
		};
/* End XCVersionGroup section */
	};
	rootObject = D1C7026F1FB85C6F00003EB2 /* Project object */;
}
